
Microsoft Visual Studio Solution File, Format Version 12.00
# Visual Studio Version 17
VisualStudioVersion = 17.10.35027.167
MinimumVisualStudioVersion = 10.0.40219.1
Project("{FAE04EC0-301F-11D3-BF4B-00C04F79EFBC}") = "ControleDeFinanças", "ControleDeFinanças\ControleDeFinanças.csproj", "{72C2D4F1-7F3A-46DE-A643-9063DD0D3158}"
EndProject
Global
	GlobalSection(SolutionConfigurationPlatforms) = preSolution
		Debug|Any CPU = Debug|Any CPU
		Release|Any CPU = Release|Any CPU
	EndGlobalSection
	GlobalSection(ProjectConfigurationPlatforms) = postSolution
		{72C2D4F1-7F3A-46DE-A643-9063DD0D3158}.Debug|Any CPU.ActiveCfg = Debug|Any CPU
		{72C2D4F1-7F3A-46DE-A643-9063DD0D3158}.Debug|Any CPU.Build.0 = Debug|Any CPU
		{72C2D4F1-7F3A-46DE-A643-9063DD0D3158}.Release|Any CPU.ActiveCfg = Release|Any CPU
		{72C2D4F1-7F3A-46DE-A643-9063DD0D3158}.Release|Any CPU.Build.0 = Release|Any CPU
	EndGlobalSection
	GlobalSection(SolutionProperties) = preSolution
		HideSolutionNode = FALSE
	EndGlobalSection
	GlobalSection(ExtensibilityGlobals) = postSolution
		SolutionGuid = {DCA0B44E-303B-4900-9875-C0875B0A2BA5}
	EndGlobalSection
EndGlobal
